
Microsoft Visual Studio Solution File, Format Version 12.00
# Visual Studio Version 16
VisualStudioVersion = 16.0.30104.148
MinimumVisualStudioVersion = 10.0.40219.1
Project("{FAE04EC0-301F-11D3-BF4B-00C04F79EFBC}") = "DentistCalendar", "DentistCalendar\DentistCalendar.csproj", "{55B5D9A5-B761-4876-A150-13E110404BE9}"
EndProject
Global
	GlobalSection(SolutionConfigurationPlatforms) = preSolution
		Debug|Any CPU = Debug|Any CPU
		Release|Any CPU = Release|Any CPU
	EndGlobalSection
	GlobalSection(ProjectConfigurationPlatforms) = postSolution
		{55B5D9A5-B761-4876-A150-13E110404BE9}.Debug|Any CPU.ActiveCfg = Debug|Any CPU
		{55B5D9A5-B761-4876-A150-13E110404BE9}.Debug|Any CPU.Build.0 = Debug|Any CPU
		{55B5D9A5-B761-4876-A150-13E110404BE9}.Release|Any CPU.ActiveCfg = Release|Any CPU
		{55B5D9A5-B761-4876-A150-13E110404BE9}.Release|Any CPU.Build.0 = Release|Any CPU
	EndGlobalSection
	GlobalSection(SolutionProperties) = preSolution
		HideSolutionNode = FALSE
	EndGlobalSection
	GlobalSection(ExtensibilityGlobals) = postSolution
		SolutionGuid = {F6932945-C1AA-4A90-8DA1-31999F03D1C0}
	EndGlobalSection
EndGlobal
